
Microsoft Visual Studio Solution File, Format Version 12.00
# Visual Studio Version 16
VisualStudioVersion = 16.0.30804.86
MinimumVisualStudioVersion = 10.0.40219.1
Project("{FAE04EC0-301F-11D3-BF4B-00C04F79EFBC}") = "MovieApp.UWP", "MovieApp\MovieApp.UWP\MovieApp.UWP.csproj", "{649C7F65-2BEB-40C0-9B00-336D82F866DC}"
EndProject
Project("{FAE04EC0-301F-11D3-BF4B-00C04F79EFBC}") = "MovieApp.Android", "MovieApp\MovieApp.Android\MovieApp.Android.csproj", "{F6906DF4-43B7-41B6-8CF4-6B2A908757B5}"
EndProject
Project("{FAE04EC0-301F-11D3-BF4B-00C04F79EFBC}") = "MovieApp.iOS", "MovieApp\MovieApp.iOS\MovieApp.iOS.csproj", "{7CDC326D-85DB-4796-BC52-846385515E0E}"
EndProject
Project("{FAE04EC0-301F-11D3-BF4B-00C04F79EFBC}") = "MovieApp", "MovieApp\MovieApp\MovieApp.csproj", "{AA30F867-1362-4C60-B1EF-EDB285C20442}"
EndProject
Global
	GlobalSection(SolutionConfigurationPlatforms) = preSolution
		Debug|Any CPU = Debug|Any CPU
		Debug|ARM = Debug|ARM
		Debug|iPhone = Debug|iPhone
		Debug|iPhoneSimulator = Debug|iPhoneSimulator
		Debug|x64 = Debug|x64
		Debug|x86 = Debug|x86
		Release|Any CPU = Release|Any CPU
		Release|ARM = Release|ARM
		Release|iPhone = Release|iPhone
		Release|iPhoneSimulator = Release|iPhoneSimulator
		Release|x64 = Release|x64
		Release|x86 = Release|x86
	EndGlobalSection
	GlobalSection(ProjectConfigurationPlatforms) = postSolution
		{649C7F65-2BEB-40C0-9B00-336D82F866DC}.Debug|Any CPU.ActiveCfg = Debug|x86
		{649C7F65-2BEB-40C0-9B00-336D82F866DC}.Debug|Any CPU.Build.0 = Debug|x86
		{649C7F65-2BEB-40C0-9B00-336D82F866DC}.Debug|Any CPU.Deploy.0 = Debug|x86
		{649C7F65-2BEB-40C0-9B00-336D82F866DC}.Debug|ARM.ActiveCfg = Debug|ARM
		{649C7F65-2BEB-40C0-9B00-336D82F866DC}.Debug|ARM.Build.0 = Debug|ARM
		{649C7F65-2BEB-40C0-9B00-336D82F866DC}.Debug|ARM.Deploy.0 = Debug|ARM
		{649C7F65-2BEB-40C0-9B00-336D82F866DC}.Debug|iPhone.ActiveCfg = Debug|x86
		{649C7F65-2BEB-40C0-9B00-336D82F866DC}.Debug|iPhone.Build.0 = Debug|x86
		{649C7F65-2BEB-40C0-9B00-336D82F866DC}.Debug|iPhone.Deploy.0 = Debug|x86
		{649C7F65-2BEB-40C0-9B00-336D82F866DC}.Debug|iPhoneSimulator.ActiveCfg = Debug|x86
		{649C7F65-2BEB-40C0-9B00-336D82F866DC}.Debug|iPhoneSimulator.Build.0 = Debug|x86
		{649C7F65-2BEB-40C0-9B00-336D82F866DC}.Debug|iPhoneSimulator.Deploy.0 = Debug|x86
		{649C7F65-2BEB-40C0-9B00-336D82F866DC}.Debug|x64.ActiveCfg = Debug|x64
		{649C7F65-2BEB-40C0-9B00-336D82F866DC}.Debug|x64.Build.0 = Debug|x64
		{649C7F65-2BEB-40C0-9B00-336D82F866DC}.Debug|x64.Deploy.0 = Debug|x64
		{649C7F65-2BEB-40C0-9B00-336D82F866DC}.Debug|x86.ActiveCfg = Debug|x86
		{649C7F65-2BEB-40C0-9B00-336D82F866DC}.Debug|x86.Build.0 = Debug|x86
		{649C7F65-2BEB-40C0-9B00-336D82F866DC}.Debug|x86.Deploy.0 = Debug|x86
		{649C7F65-2BEB-40C0-9B00-336D82F866DC}.Release|Any CPU.ActiveCfg = Release|x86
		{649C7F65-2BEB-40C0-9B00-336D82F866DC}.Release|Any CPU.Build.0 = Release|x86
		{649C7F65-2BEB-40C0-9B00-336D82F866DC}.Release|Any CPU.Deploy.0 = Release|x86
		{649C7F65-2BEB-40C0-9B00-336D82F866DC}.Release|ARM.ActiveCfg = Release|ARM
		{649C7F65-2BEB-40C0-9B00-336D82F866DC}.Release|ARM.Build.0 = Release|ARM
		{649C7F65-2BEB-40C0-9B00-336D82F866DC}.Release|ARM.Deploy.0 = Release|ARM
		{649C7F65-2BEB-40C0-9B00-336D82F866DC}.Release|iPhone.ActiveCfg = Release|x86
		{649C7F65-2BEB-40C0-9B00-336D82F866DC}.Release|iPhone.Build.0 = Release|x86
		{649C7F65-2BEB-40C0-9B00-336D82F866DC}.Release|iPhone.Deploy.0 = Release|x86
		{649C7F65-2BEB-40C0-9B00-336D82F866DC}.Release|iPhoneSimulator.ActiveCfg = Release|x86
		{649C7F65-2BEB-40C0-9B00-336D82F866DC}.Release|iPhoneSimulator.Build.0 = Release|x86
		{649C7F65-2BEB-40C0-9B00-336D82F866DC}.Release|iPhoneSimulator.Deploy.0 = Release|x86
		{649C7F65-2BEB-40C0-9B00-336D82F866DC}.Release|x64.ActiveCfg = Release|x64
		{649C7F65-2BEB-40C0-9B00-336D82F866DC}.Release|x64.Build.0 = Release|x64
		{649C7F65-2BEB-40C0-9B00-336D82F866DC}.Release|x64.Deploy.0 = Release|x64
		{649C7F65-2BEB-40C0-9B00-336D82F866DC}.Release|x86.ActiveCfg = Release|x86
		{649C7F65-2BEB-40C0-9B00-336D82F866DC}.Release|x86.Build.0 = Release|x86
		{649C7F65-2BEB-40C0-9B00-336D82F866DC}.Release|x86.Deploy.0 = Release|x86
		{F6906DF4-43B7-41B6-8CF4-6B2A908757B5}.Debug|Any CPU.ActiveCfg = Debug|Any CPU
		{F6906DF4-43B7-41B6-8CF4-6B2A908757B5}.Debug|Any CPU.Build.0 = Debug|Any CPU
		{F6906DF4-43B7-41B6-8CF4-6B2A908757B5}.Debug|Any CPU.Deploy.0 = Debug|Any CPU
		{F6906DF4-43B7-41B6-8CF4-6B2A908757B5}.Debug|ARM.ActiveCfg = Debug|Any CPU
		{F6906DF4-43B7-41B6-8CF4-6B2A908757B5}.Debug|ARM.Build.0 = Debug|Any CPU
		{F6906DF4-43B7-41B6-8CF4-6B2A908757B5}.Debug|ARM.Deploy.0 = Debug|Any CPU
		{F6906DF4-43B7-41B6-8CF4-6B2A908757B5}.Debug|iPhone.ActiveCfg = Debug|Any CPU
		{F6906DF4-43B7-41B6-8CF4-6B2A908757B5}.Debug|iPhone.Build.0 = Debug|Any CPU
		{F6906DF4-43B7-41B6-8CF4-6B2A908757B5}.Debug|iPhone.Deploy.0 = Debug|Any CPU
		{F6906DF4-43B7-41B6-8CF4-6B2A908757B5}.Debug|iPhoneSimulator.ActiveCfg = Debug|Any CPU
		{F6906DF4-43B7-41B6-8CF4-6B2A908757B5}.Debug|iPhoneSimulator.Build.0 = Debug|Any CPU
		{F6906DF4-43B7-41B6-8CF4-6B2A908757B5}.Debug|iPhoneSimulator.Deploy.0 = Debug|Any CPU
		{F6906DF4-43B7-41B6-8CF4-6B2A908757B5}.Debug|x64.ActiveCfg = Debug|Any CPU
		{F6906DF4-43B7-41B6-8CF4-6B2A908757B5}.Debug|x64.Build.0 = Debug|Any CPU
		{F6906DF4-43B7-41B6-8CF4-6B2A908757B5}.Debug|x64.Deploy.0 = Debug|Any CPU
		{F6906DF4-43B7-41B6-8CF4-6B2A908757B5}.Debug|x86.ActiveCfg = Debug|Any CPU
		{F6906DF4-43B7-41B6-8CF4-6B2A908757B5}.Debug|x86.Build.0 = Debug|Any CPU
		{F6906DF4-43B7-41B6-8CF4-6B2A908757B5}.Debug|x86.Deploy.0 = Debug|Any CPU
		{F6906DF4-43B7-41B6-8CF4-6B2A908757B5}.Release|Any CPU.ActiveCfg = Release|Any CPU
		{F6906DF4-43B7-41B6-8CF4-6B2A908757B5}.Release|Any CPU.Build.0 = Release|Any CPU
		{F6906DF4-43B7-41B6-8CF4-6B2A908757B5}.Release|Any CPU.Deploy.0 = Release|Any CPU
		{F6906DF4-43B7-41B6-8CF4-6B2A908757B5}.Release|ARM.ActiveCfg = Release|Any CPU
		{F6906DF4-43B7-41B6-8CF4-6B2A908757B5}.Release|ARM.Build.0 = Release|Any CPU
		{F6906DF4-43B7-41B6-8CF4-6B2A908757B5}.Release|ARM.Deploy.0 = Release|Any CPU
		{F6906DF4-43B7-41B6-8CF4-6B2A908757B5}.Release|iPhone.ActiveCfg = Release|Any CPU
		{F6906DF4-43B7-41B6-8CF4-6B2A908757B5}.Release|iPhone.Build.0 = Release|Any CPU
		{F6906DF4-43B7-41B6-8CF4-6B2A908757B5}.Release|iPhone.Deploy.0 = Release|Any CPU
		{F6906DF4-43B7-41B6-8CF4-6B2A908757B5}.Release|iPhoneSimulator.ActiveCfg = Release|Any CPU
		{F6906DF4-43B7-41B6-8CF4-6B2A908757B5}.Release|iPhoneSimulator.Build.0 = Release|Any CPU
		{F6906DF4-43B7-41B6-8CF4-6B2A908757B5}.Release|iPhoneSimulator.Deploy.0 = Release|Any CPU
		{F6906DF4-43B7-41B6-8CF4-6B2A908757B5}.Release|x64.ActiveCfg = Release|Any CPU
		{F6906DF4-43B7-41B6-8CF4-6B2A908757B5}.Release|x64.Build.0 = Release|Any CPU
		{F6906DF4-43B7-41B6-8CF4-6B2A908757B5}.Release|x64.Deploy.0 = Release|Any CPU
		{F6906DF4-43B7-41B6-8CF4-6B2A908757B5}.Release|x86.ActiveCfg = Release|Any CPU
		{F6906DF4-43B7-41B6-8CF4-6B2A908757B5}.Release|x86.Build.0 = Release|Any CPU
		{F6906DF4-43B7-41B6-8CF4-6B2A908757B5}.Release|x86.Deploy.0 = Release|Any CPU
		{7CDC326D-85DB-4796-BC52-846385515E0E}.Debug|Any CPU.ActiveCfg = Debug|iPhoneSimulator
		{7CDC326D-85DB-4796-BC52-846385515E0E}.Debug|Any CPU.Build.0 = Debug|iPhoneSimulator
		{7CDC326D-85DB-4796-BC52-846385515E0E}.Debug|Any CPU.Deploy.0 = Debug|iPhoneSimulator
		{7CDC326D-85DB-4796-BC52-846385515E0E}.Debug|ARM.ActiveCfg = Debug|iPhone
		{7CDC326D-85DB-4796-BC52-846385515E0E}.Debug|ARM.Build.0 = Debug|iPhone
		{7CDC326D-85DB-4796-BC52-846385515E0E}.Debug|ARM.Deploy.0 = Debug|iPhone
		{7CDC326D-85DB-4796-BC52-846385515E0E}.Debug|iPhone.ActiveCfg = Debug|iPhone
		{7CDC326D-85DB-4796-BC52-846385515E0E}.Debug|iPhone.Build.0 = Debug|iPhone
		{7CDC326D-85DB-4796-BC52-846385515E0E}.Debug|iPhone.Deploy.0 = Debug|iPhone
		{7CDC326D-85DB-4796-BC52-846385515E0E}.Debug|iPhoneSimulator.ActiveCfg = Debug|iPhoneSimulator
		{7CDC326D-85DB-4796-BC52-846385515E0E}.Debug|iPhoneSimulator.Build.0 = Debug|iPhoneSimulator
		{7CDC326D-85DB-4796-BC52-846385515E0E}.Debug|iPhoneSimulator.Deploy.0 = Debug|iPhoneSimulator
		{7CDC326D-85DB-4796-BC52-846385515E0E}.Debug|x64.ActiveCfg = Debug|iPhoneSimulator
		{7CDC326D-85DB-4796-BC52-846385515E0E}.Debug|x64.Build.0 = Debug|iPhoneSimulator
		{7CDC326D-85DB-4796-BC52-846385515E0E}.Debug|x64.Deploy.0 = Debug|iPhoneSimulator
		{7CDC326D-85DB-4796-BC52-846385515E0E}.Debug|x86.ActiveCfg = Debug|iPhoneSimulator
		{7CDC326D-85DB-4796-BC52-846385515E0E}.Debug|x86.Build.0 = Debug|iPhoneSimulator
		{7CDC326D-85DB-4796-BC52-846385515E0E}.Debug|x86.Deploy.0 = Debug|iPhoneSimulator
		{7CDC326D-85DB-4796-BC52-846385515E0E}.Release|Any CPU.ActiveCfg = Release|iPhoneSimulator
		{7CDC326D-85DB-4796-BC52-846385515E0E}.Release|Any CPU.Build.0 = Release|iPhoneSimulator
		{7CDC326D-85DB-4796-BC52-846385515E0E}.Release|Any CPU.Deploy.0 = Release|iPhoneSimulator
		{7CDC326D-85DB-4796-BC52-846385515E0E}.Release|ARM.ActiveCfg = Release|iPhoneSimulator
		{7CDC326D-85DB-4796-BC52-846385515E0E}.Release|ARM.Build.0 = Release|iPhoneSimulator
		{7CDC326D-85DB-4796-BC52-846385515E0E}.Release|ARM.Deploy.0 = Release|iPhoneSimulator
		{7CDC326D-85DB-4796-BC52-846385515E0E}.Release|iPhone.ActiveCfg = Release|iPhone
		{7CDC326D-85DB-4796-BC52-846385515E0E}.Release|iPhone.Build.0 = Release|iPhone
		{7CDC326D-85DB-4796-BC52-846385515E0E}.Release|iPhone.Deploy.0 = Release|iPhone
		{7CDC326D-85DB-4796-BC52-846385515E0E}.Release|iPhoneSimulator.ActiveCfg = Release|iPhoneSimulator
		{7CDC326D-85DB-4796-BC52-846385515E0E}.Release|iPhoneSimulator.Build.0 = Release|iPhoneSimulator
		{7CDC326D-85DB-4796-BC52-846385515E0E}.Release|iPhoneSimulator.Deploy.0 = Release|iPhoneSimulator
		{7CDC326D-85DB-4796-BC52-846385515E0E}.Release|x64.ActiveCfg = Release|iPhoneSimulator
		{7CDC326D-85DB-4796-BC52-846385515E0E}.Release|x64.Build.0 = Release|iPhoneSimulator
		{7CDC326D-85DB-4796-BC52-846385515E0E}.Release|x64.Deploy.0 = Release|iPhoneSimulator
		{7CDC326D-85DB-4796-BC52-846385515E0E}.Release|x86.ActiveCfg = Release|iPhoneSimulator
		{7CDC326D-85DB-4796-BC52-846385515E0E}.Release|x86.Build.0 = Release|iPhoneSimulator
		{7CDC326D-85DB-4796-BC52-846385515E0E}.Release|x86.Deploy.0 = Release|iPhoneSimulator
		{AA30F867-1362-4C60-B1EF-EDB285C20442}.Debug|Any CPU.ActiveCfg = Debug|Any CPU
		{AA30F867-1362-4C60-B1EF-EDB285C20442}.Debug|Any CPU.Build.0 = Debug|Any CPU
		{AA30F867-1362-4C60-B1EF-EDB285C20442}.Debug|Any CPU.Deploy.0 = Debug|Any CPU
		{AA30F867-1362-4C60-B1EF-EDB285C20442}.Debug|ARM.ActiveCfg = Debug|Any CPU
		{AA30F867-1362-4C60-B1EF-EDB285C20442}.Debug|ARM.Build.0 = Debug|Any CPU
		{AA30F867-1362-4C60-B1EF-EDB285C20442}.Debug|ARM.Deploy.0 = Debug|Any CPU
		{AA30F867-1362-4C60-B1EF-EDB285C20442}.Debug|iPhone.ActiveCfg = Debug|Any CPU
		{AA30F867-1362-4C60-B1EF-EDB285C20442}.Debug|iPhone.Build.0 = Debug|Any CPU
		{AA30F867-1362-4C60-B1EF-EDB285C20442}.Debug|iPhone.Deploy.0 = Debug|Any CPU
		{AA30F867-1362-4C60-B1EF-EDB285C20442}.Debug|iPhoneSimulator.ActiveCfg = Debug|Any CPU
		{AA30F867-1362-4C60-B1EF-EDB285C20442}.Debug|iPhoneSimulator.Build.0 = Debug|Any CPU
		{AA30F867-1362-4C60-B1EF-EDB285C20442}.Debug|iPhoneSimulator.Deploy.0 = Debug|Any CPU
		{AA30F867-1362-4C60-B1EF-EDB285C20442}.Debug|x64.ActiveCfg = Debug|Any CPU
		{AA30F867-1362-4C60-B1EF-EDB285C20442}.Debug|x64.Build.0 = Debug|Any CPU
		{AA30F867-1362-4C60-B1EF-EDB285C20442}.Debug|x64.Deploy.0 = Debug|Any CPU
		{AA30F867-1362-4C60-B1EF-EDB285C20442}.Debug|x86.ActiveCfg = Debug|Any CPU
		{AA30F867-1362-4C60-B1EF-EDB285C20442}.Debug|x86.Build.0 = Debug|Any CPU
		{AA30F867-1362-4C60-B1EF-EDB285C20442}.Debug|x86.Deploy.0 = Debug|Any CPU
		{AA30F867-1362-4C60-B1EF-EDB285C20442}.Release|Any CPU.ActiveCfg = Release|Any CPU
		{AA30F867-1362-4C60-B1EF-EDB285C20442}.Release|Any CPU.Build.0 = Release|Any CPU
		{AA30F867-1362-4C60-B1EF-EDB285C20442}.Release|Any CPU.Deploy.0 = Release|Any CPU
		{AA30F867-1362-4C60-B1EF-EDB285C20442}.Release|ARM.ActiveCfg = Release|Any CPU
		{AA30F867-1362-4C60-B1EF-EDB285C20442}.Release|ARM.Build.0 = Release|Any CPU
		{AA30F867-1362-4C60-B1EF-EDB285C20442}.Release|ARM.Deploy.0 = Release|Any CPU
		{AA30F867-1362-4C60-B1EF-EDB285C20442}.Release|iPhone.ActiveCfg = Release|Any CPU
		{AA30F867-1362-4C60-B1EF-EDB285C20442}.Release|iPhone.Build.0 = Release|Any CPU
		{AA30F867-1362-4C60-B1EF-EDB285C20442}.Release|iPhone.Deploy.0 = Release|Any CPU
		{AA30F867-1362-4C60-B1EF-EDB285C20442}.Release|iPhoneSimulator.ActiveCfg = Release|Any CPU
		{AA30F867-1362-4C60-B1EF-EDB285C20442}.Release|iPhoneSimulator.Build.0 = Release|Any CPU
		{AA30F867-1362-4C60-B1EF-EDB285C20442}.Release|iPhoneSimulator.Deploy.0 = Release|Any CPU
		{AA30F867-1362-4C60-B1EF-EDB285C20442}.Release|x64.ActiveCfg = Release|Any CPU
		{AA30F867-1362-4C60-B1EF-EDB285C20442}.Release|x64.Build.0 = Release|Any CPU
		{AA30F867-1362-4C60-B1EF-EDB285C20442}.Release|x64.Deploy.0 = Release|Any CPU
		{AA30F867-1362-4C60-B1EF-EDB285C20442}.Release|x86.ActiveCfg = Release|Any CPU
		{AA30F867-1362-4C60-B1EF-EDB285C20442}.Release|x86.Build.0 = Release|Any CPU
		{AA30F867-1362-4C60-B1EF-EDB285C20442}.Release|x86.Deploy.0 = Release|Any CPU
	EndGlobalSection
	GlobalSection(SolutionProperties) = preSolution
		HideSolutionNode = FALSE
	EndGlobalSection
	GlobalSection(ExtensibilityGlobals) = postSolution
		SolutionGuid = {80E8AE3C-A0FA-4F51-8BD7-157A3DA99984}
	EndGlobalSection
EndGlobal
